// !$*UTF8*$!
{
	archiveVersion = 1;
	classes = {
	};
	objectVersion = 48;
	objects = {

/* Begin PBXBuildFile section */
		2F010ABC1FB98DE7008AAC58 /* ChooseImmigrationTypeViewController.swift in Sources */ = {isa = PBXBuildFile; fileRef = 2F010ABB1FB98DE7008AAC58 /* ChooseImmigrationTypeViewController.swift */; };
		2F010ABF1FB9B97B008AAC58 /* Student.storyboard in Resources */ = {isa = PBXBuildFile; fileRef = 2F010ABE1FB9B97B008AAC58 /* Student.storyboard */; };
		2F091E291F8B4B590053E642 /* AppDelegate.swift in Sources */ = {isa = PBXBuildFile; fileRef = 2F091E281F8B4B590053E642 /* AppDelegate.swift */; };
		2F091E2E1F8B4B590053E642 /* Main.storyboard in Resources */ = {isa = PBXBuildFile; fileRef = 2F091E2C1F8B4B590053E642 /* Main.storyboard */; };
		2F091E301F8B4B590053E642 /* Assets.xcassets in Resources */ = {isa = PBXBuildFile; fileRef = 2F091E2F1F8B4B590053E642 /* Assets.xcassets */; };
		2F091E331F8B4B590053E642 /* LaunchScreen.storyboard in Resources */ = {isa = PBXBuildFile; fileRef = 2F091E311F8B4B590053E642 /* LaunchScreen.storyboard */; };
		2F091E3E1F8B4B590053E642 /* RST_SimplifiedTests.swift in Sources */ = {isa = PBXBuildFile; fileRef = 2F091E3D1F8B4B590053E642 /* RST_SimplifiedTests.swift */; };
		2F091E491F8B4B590053E642 /* RST_SimplifiedUITests.swift in Sources */ = {isa = PBXBuildFile; fileRef = 2F091E481F8B4B590053E642 /* RST_SimplifiedUITests.swift */; };
		2FA0AB8D1FA31B3900F9F040 /* CustomSideMenuViewController.swift in Sources */ = {isa = PBXBuildFile; fileRef = 2FA0AB8C1FA31B3900F9F040 /* CustomSideMenuViewController.swift */; };
		2FA0AB8F1FA31D9F00F9F040 /* SideBarViewController.swift in Sources */ = {isa = PBXBuildFile; fileRef = 2FA0AB8E1FA31D9F00F9F040 /* SideBarViewController.swift */; };
		2FF074F21FA1F887006F88E8 /* FirstScreenViewController.m in Sources */ = {isa = PBXBuildFile; fileRef = 2FF074F11FA1F887006F88E8 /* FirstScreenViewController.m */; };
		2FF074F81FA30322006F88E8 /* ChooseVisaTypeViewController.swift in Sources */ = {isa = PBXBuildFile; fileRef = 2FF074F71FA30322006F88E8 /* ChooseVisaTypeViewController.swift */; };
		2FF074FA1FA30338006F88E8 /* Visa.storyboard in Resources */ = {isa = PBXBuildFile; fileRef = 2FF074F91FA30338006F88E8 /* Visa.storyboard */; };
		2FFCBAC11FA8500200B28801 /* Visa1WebViewController.swift in Sources */ = {isa = PBXBuildFile; fileRef = 2FFCBAC01FA8500200B28801 /* Visa1WebViewController.swift */; };
		2FFCBAC41FA88D9300B28801 /* APIHandler.m in Sources */ = {isa = PBXBuildFile; fileRef = 2FFCBAC21FA88D9300B28801 /* APIHandler.m */; };
		2FFCBAC71FAB18C700B28801 /* RTGVisasViewController.swift in Sources */ = {isa = PBXBuildFile; fileRef = 2FFCBAC61FAB18C700B28801 /* RTGVisasViewController.swift */; };
		2FFCBAC91FAC4F2300B28801 /* IndoesiaVisaRGTViewController.swift in Sources */ = {isa = PBXBuildFile; fileRef = 2FFCBAC81FAC4F2300B28801 /* IndoesiaVisaRGTViewController.swift */; };
		2FFCBACC1FB1A8D200B28801 /* WebviewViewController.swift in Sources */ = {isa = PBXBuildFile; fileRef = 2FFCBACA1FB1A8D100B28801 /* WebviewViewController.swift */; };
		2FFCBACD1FB1A8D200B28801 /* WebviewViewController.xib in Resources */ = {isa = PBXBuildFile; fileRef = 2FFCBACB1FB1A8D100B28801 /* WebviewViewController.xib */; };
		2FFCBAD01FB97D8B00B28801 /* Immigration.storyboard in Resources */ = {isa = PBXBuildFile; fileRef = 2FFCBACF1FB97D8B00B28801 /* Immigration.storyboard */; };
		9D23780BFD9BAF3A4CD6D0BB /* Pods_RST_Simplified.framework in Frameworks */ = {isa = PBXBuildFile; fileRef = 9AACA22F1EB4A3A5C8CCFB53 /* Pods_RST_Simplified.framework */; };
		B700201787B54A7A961F1AA2 /* Pods_RST_SimplifiedUITests.framework in Frameworks */ = {isa = PBXBuildFile; fileRef = 307778FDE3AA6E0CF5A0C783 /* Pods_RST_SimplifiedUITests.framework */; };
		EDFC383A11BC55AFF6E38E47 /* Pods_RST_SimplifiedTests.framework in Frameworks */ = {isa = PBXBuildFile; fileRef = 8DE904AC5F822DDA96FF5E87 /* Pods_RST_SimplifiedTests.framework */; };
/* End PBXBuildFile section */

/* Begin PBXContainerItemProxy section */
		2F091E3A1F8B4B590053E642 /* PBXContainerItemProxy */ = {
			isa = PBXContainerItemProxy;
			containerPortal = 2F091E1D1F8B4B590053E642 /* Project object */;
			proxyType = 1;
			remoteGlobalIDString = 2F091E241F8B4B590053E642;
			remoteInfo = "RST Simplified";
		};
		2F091E451F8B4B590053E642 /* PBXContainerItemProxy */ = {
			isa = PBXContainerItemProxy;
			containerPortal = 2F091E1D1F8B4B590053E642 /* Project object */;
			proxyType = 1;
			remoteGlobalIDString = 2F091E241F8B4B590053E642;
			remoteInfo = "RST Simplified";
		};
/* End PBXContainerItemProxy section */

/* Begin PBXFileReference section */
		11CD20CF87586656CD3B1110 /* Pods-RST SimplifiedUITests.debug.xcconfig */ = {isa = PBXFileReference; includeInIndex = 1; lastKnownFileType = text.xcconfig; name = "Pods-RST SimplifiedUITests.debug.xcconfig"; path = "Pods/Target Support Files/Pods-RST SimplifiedUITests/Pods-RST SimplifiedUITests.debug.xcconfig"; sourceTree = "<group>"; };
		2F010ABB1FB98DE7008AAC58 /* ChooseImmigrationTypeViewController.swift */ = {isa = PBXFileReference; lastKnownFileType = sourcecode.swift; path = ChooseImmigrationTypeViewController.swift; sourceTree = "<group>"; };
		2F010ABE1FB9B97B008AAC58 /* Student.storyboard */ = {isa = PBXFileReference; lastKnownFileType = file.storyboard; path = Student.storyboard; sourceTree = "<group>"; };
		2F091E251F8B4B590053E642 /* RST Simplified.app */ = {isa = PBXFileReference; explicitFileType = wrapper.application; includeInIndex = 0; path = "RST Simplified.app"; sourceTree = BUILT_PRODUCTS_DIR; };
		2F091E281F8B4B590053E642 /* AppDelegate.swift */ = {isa = PBXFileReference; lastKnownFileType = sourcecode.swift; path = AppDelegate.swift; sourceTree = "<group>"; };
		2F091E2D1F8B4B590053E642 /* Base */ = {isa = PBXFileReference; lastKnownFileType = file.storyboard; name = Base; path = Base.lproj/Main.storyboard; sourceTree = "<group>"; };
		2F091E2F1F8B4B590053E642 /* Assets.xcassets */ = {isa = PBXFileReference; lastKnownFileType = folder.assetcatalog; path = Assets.xcassets; sourceTree = "<group>"; };
		2F091E321F8B4B590053E642 /* Base */ = {isa = PBXFileReference; lastKnownFileType = file.storyboard; name = Base; path = Base.lproj/LaunchScreen.storyboard; sourceTree = "<group>"; };
		2F091E341F8B4B590053E642 /* Info.plist */ = {isa = PBXFileReference; lastKnownFileType = text.plist.xml; path = Info.plist; sourceTree = "<group>"; };
		2F091E391F8B4B590053E642 /* RST SimplifiedTests.xctest */ = {isa = PBXFileReference; explicitFileType = wrapper.cfbundle; includeInIndex = 0; path = "RST SimplifiedTests.xctest"; sourceTree = BUILT_PRODUCTS_DIR; };
		2F091E3D1F8B4B590053E642 /* RST_SimplifiedTests.swift */ = {isa = PBXFileReference; lastKnownFileType = sourcecode.swift; path = RST_SimplifiedTests.swift; sourceTree = "<group>"; };
		2F091E3F1F8B4B590053E642 /* Info.plist */ = {isa = PBXFileReference; lastKnownFileType = text.plist.xml; path = Info.plist; sourceTree = "<group>"; };
		2F091E441F8B4B590053E642 /* RST SimplifiedUITests.xctest */ = {isa = PBXFileReference; explicitFileType = wrapper.cfbundle; includeInIndex = 0; path = "RST SimplifiedUITests.xctest"; sourceTree = BUILT_PRODUCTS_DIR; };
		2F091E481F8B4B590053E642 /* RST_SimplifiedUITests.swift */ = {isa = PBXFileReference; lastKnownFileType = sourcecode.swift; path = RST_SimplifiedUITests.swift; sourceTree = "<group>"; };
		2F091E4A1F8B4B590053E642 /* Info.plist */ = {isa = PBXFileReference; lastKnownFileType = text.plist.xml; path = Info.plist; sourceTree = "<group>"; };
		2FA0AB8C1FA31B3900F9F040 /* CustomSideMenuViewController.swift */ = {isa = PBXFileReference; lastKnownFileType = sourcecode.swift; path = CustomSideMenuViewController.swift; sourceTree = "<group>"; };
		2FA0AB8E1FA31D9F00F9F040 /* SideBarViewController.swift */ = {isa = PBXFileReference; lastKnownFileType = sourcecode.swift; path = SideBarViewController.swift; sourceTree = "<group>"; };
		2FF074EF1FA1F886006F88E8 /* RST Simplified-Bridging-Header.h */ = {isa = PBXFileReference; lastKnownFileType = sourcecode.c.h; path = "RST Simplified-Bridging-Header.h"; sourceTree = "<group>"; };
		2FF074F01FA1F887006F88E8 /* FirstScreenViewController.h */ = {isa = PBXFileReference; lastKnownFileType = sourcecode.c.h; path = FirstScreenViewController.h; sourceTree = "<group>"; };
		2FF074F11FA1F887006F88E8 /* FirstScreenViewController.m */ = {isa = PBXFileReference; lastKnownFileType = sourcecode.c.objc; path = FirstScreenViewController.m; sourceTree = "<group>"; };
		2FF074F71FA30322006F88E8 /* ChooseVisaTypeViewController.swift */ = {isa = PBXFileReference; lastKnownFileType = sourcecode.swift; path = ChooseVisaTypeViewController.swift; sourceTree = "<group>"; };
		2FF074F91FA30338006F88E8 /* Visa.storyboard */ = {isa = PBXFileReference; lastKnownFileType = file.storyboard; path = Visa.storyboard; sourceTree = "<group>"; };
		2FFCBAC01FA8500200B28801 /* Visa1WebViewController.swift */ = {isa = PBXFileReference; lastKnownFileType = sourcecode.swift; path = Visa1WebViewController.swift; sourceTree = "<group>"; };
		2FFCBAC21FA88D9300B28801 /* APIHandler.m */ = {isa = PBXFileReference; lastKnownFileType = sourcecode.c.objc; path = APIHandler.m; sourceTree = "<group>"; };
		2FFCBAC31FA88D9300B28801 /* APIHandler.h */ = {isa = PBXFileReference; lastKnownFileType = sourcecode.c.h; path = APIHandler.h; sourceTree = "<group>"; };
		2FFCBAC51FA8923D00B28801 /* SharedValues.pch */ = {isa = PBXFileReference; lastKnownFileType = sourcecode.c.h; path = SharedValues.pch; sourceTree = "<group>"; };
		2FFCBAC61FAB18C700B28801 /* RTGVisasViewController.swift */ = {isa = PBXFileReference; lastKnownFileType = sourcecode.swift; path = RTGVisasViewController.swift; sourceTree = "<group>"; };
		2FFCBAC81FAC4F2300B28801 /* IndoesiaVisaRGTViewController.swift */ = {isa = PBXFileReference; lastKnownFileType = sourcecode.swift; path = IndoesiaVisaRGTViewController.swift; sourceTree = "<group>"; };
		2FFCBACA1FB1A8D100B28801 /* WebviewViewController.swift */ = {isa = PBXFileReference; lastKnownFileType = sourcecode.swift; path = WebviewViewController.swift; sourceTree = "<group>"; };
		2FFCBACB1FB1A8D100B28801 /* WebviewViewController.xib */ = {isa = PBXFileReference; lastKnownFileType = file.xib; path = WebviewViewController.xib; sourceTree = "<group>"; };
		2FFCBACF1FB97D8B00B28801 /* Immigration.storyboard */ = {isa = PBXFileReference; lastKnownFileType = file.storyboard; path = Immigration.storyboard; sourceTree = "<group>"; };
		30038440918166AE6BE8EDEF /* Pods-RST SimplifiedUITests.release.xcconfig */ = {isa = PBXFileReference; includeInIndex = 1; lastKnownFileType = text.xcconfig; name = "Pods-RST SimplifiedUITests.release.xcconfig"; path = "Pods/Target Support Files/Pods-RST SimplifiedUITests/Pods-RST SimplifiedUITests.release.xcconfig"; sourceTree = "<group>"; };
		307778FDE3AA6E0CF5A0C783 /* Pods_RST_SimplifiedUITests.framework */ = {isa = PBXFileReference; explicitFileType = wrapper.framework; includeInIndex = 0; path = Pods_RST_SimplifiedUITests.framework; sourceTree = BUILT_PRODUCTS_DIR; };
		38FE6853BF0F0ED71FF35616 /* Pods-RST Simplified.release.xcconfig */ = {isa = PBXFileReference; includeInIndex = 1; lastKnownFileType = text.xcconfig; name = "Pods-RST Simplified.release.xcconfig"; path = "Pods/Target Support Files/Pods-RST Simplified/Pods-RST Simplified.release.xcconfig"; sourceTree = "<group>"; };
		629A5A67920861B691128CAB /* Pods-RST Simplified.debug.xcconfig */ = {isa = PBXFileReference; includeInIndex = 1; lastKnownFileType = text.xcconfig; name = "Pods-RST Simplified.debug.xcconfig"; path = "Pods/Target Support Files/Pods-RST Simplified/Pods-RST Simplified.debug.xcconfig"; sourceTree = "<group>"; };
		8DE904AC5F822DDA96FF5E87 /* Pods_RST_SimplifiedTests.framework */ = {isa = PBXFileReference; explicitFileType = wrapper.framework; includeInIndex = 0; path = Pods_RST_SimplifiedTests.framework; sourceTree = BUILT_PRODUCTS_DIR; };
		9A1B87A8A9FBBC63C8B2AF3E /* Pods-RST SimplifiedTests.debug.xcconfig */ = {isa = PBXFileReference; includeInIndex = 1; lastKnownFileType = text.xcconfig; name = "Pods-RST SimplifiedTests.debug.xcconfig"; path = "Pods/Target Support Files/Pods-RST SimplifiedTests/Pods-RST SimplifiedTests.debug.xcconfig"; sourceTree = "<group>"; };
		9AACA22F1EB4A3A5C8CCFB53 /* Pods_RST_Simplified.framework */ = {isa = PBXFileReference; explicitFileType = wrapper.framework; includeInIndex = 0; path = Pods_RST_Simplified.framework; sourceTree = BUILT_PRODUCTS_DIR; };
		F0850368C260B9D838C03B14 /* Pods-RST SimplifiedTests.release.xcconfig */ = {isa = PBXFileReference; includeInIndex = 1; lastKnownFileType = text.xcconfig; name = "Pods-RST SimplifiedTests.release.xcconfig"; path = "Pods/Target Support Files/Pods-RST SimplifiedTests/Pods-RST SimplifiedTests.release.xcconfig"; sourceTree = "<group>"; };
/* End PBXFileReference section */

/* Begin PBXFrameworksBuildPhase section */
		2F091E221F8B4B590053E642 /* Frameworks */ = {
			isa = PBXFrameworksBuildPhase;
			buildActionMask = 2147483647;
			files = (
				9D23780BFD9BAF3A4CD6D0BB /* Pods_RST_Simplified.framework in Frameworks */,
			);
			runOnlyForDeploymentPostprocessing = 0;
		};
		2F091E361F8B4B590053E642 /* Frameworks */ = {
			isa = PBXFrameworksBuildPhase;
			buildActionMask = 2147483647;
			files = (
				EDFC383A11BC55AFF6E38E47 /* Pods_RST_SimplifiedTests.framework in Frameworks */,
			);
			runOnlyForDeploymentPostprocessing = 0;
		};
		2F091E411F8B4B590053E642 /* Frameworks */ = {
			isa = PBXFrameworksBuildPhase;
			buildActionMask = 2147483647;
			files = (
				B700201787B54A7A961F1AA2 /* Pods_RST_SimplifiedUITests.framework in Frameworks */,
			);
			runOnlyForDeploymentPostprocessing = 0;
		};
/* End PBXFrameworksBuildPhase section */

/* Begin PBXGroup section */
		17032FF6362457D1620134F4 /* Pods */ = {
			isa = PBXGroup;
			children = (
				629A5A67920861B691128CAB /* Pods-RST Simplified.debug.xcconfig */,
				38FE6853BF0F0ED71FF35616 /* Pods-RST Simplified.release.xcconfig */,
				9A1B87A8A9FBBC63C8B2AF3E /* Pods-RST SimplifiedTests.debug.xcconfig */,
				F0850368C260B9D838C03B14 /* Pods-RST SimplifiedTests.release.xcconfig */,
				11CD20CF87586656CD3B1110 /* Pods-RST SimplifiedUITests.debug.xcconfig */,
				30038440918166AE6BE8EDEF /* Pods-RST SimplifiedUITests.release.xcconfig */,
			);
			name = Pods;
			sourceTree = "<group>";
		};
		2F010ABD1FB9B948008AAC58 /* Student Services */ = {
			isa = PBXGroup;
			children = (
				2F010ABE1FB9B97B008AAC58 /* Student.storyboard */,
			);
			path = "Student Services";
			sourceTree = "<group>";
		};
		2F091E1C1F8B4B590053E642 = {
			isa = PBXGroup;
			children = (
				2F091E271F8B4B590053E642 /* RST Simplified */,
				2F091E341F8B4B590053E642 /* Info.plist */,
				2F091E3C1F8B4B590053E642 /* RST SimplifiedTests */,
				2F091E471F8B4B590053E642 /* RST SimplifiedUITests */,
				2F091E261F8B4B590053E642 /* Products */,
				17032FF6362457D1620134F4 /* Pods */,
				47F4A983F69DF91889E69D03 /* Frameworks */,
			);
			sourceTree = "<group>";
		};
		2F091E261F8B4B590053E642 /* Products */ = {
			isa = PBXGroup;
			children = (
				2F091E251F8B4B590053E642 /* RST Simplified.app */,
				2F091E391F8B4B590053E642 /* RST SimplifiedTests.xctest */,
				2F091E441F8B4B590053E642 /* RST SimplifiedUITests.xctest */,
			);
			name = Products;
			sourceTree = "<group>";
		};
		2F091E271F8B4B590053E642 /* RST Simplified */ = {
			isa = PBXGroup;
			children = (
				2FF074F61FA302DC006F88E8 /* Main */,
				2FF074F51FA302A3006F88E8 /* Common */,
				2FF074F31FA30281006F88E8 /* Visa */,
				2F010ABD1FB9B948008AAC58 /* Student Services */,
				2FF074F41FA30289006F88E8 /* Immigration */,
			);
			path = "RST Simplified";
			sourceTree = "<group>";
		};
		2F091E3C1F8B4B590053E642 /* RST SimplifiedTests */ = {
			isa = PBXGroup;
			children = (
				2F091E3D1F8B4B590053E642 /* RST_SimplifiedTests.swift */,
				2F091E3F1F8B4B590053E642 /* Info.plist */,
			);
			path = "RST SimplifiedTests";
			sourceTree = "<group>";
		};
		2F091E471F8B4B590053E642 /* RST SimplifiedUITests */ = {
			isa = PBXGroup;
			children = (
				2F091E481F8B4B590053E642 /* RST_SimplifiedUITests.swift */,
				2F091E4A1F8B4B590053E642 /* Info.plist */,
			);
			path = "RST SimplifiedUITests";
			sourceTree = "<group>";
		};
		2FF074F31FA30281006F88E8 /* Visa */ = {
			isa = PBXGroup;
			children = (
				2FF074F71FA30322006F88E8 /* ChooseVisaTypeViewController.swift */,
				2FF074F91FA30338006F88E8 /* Visa.storyboard */,
				2FFCBAC01FA8500200B28801 /* Visa1WebViewController.swift */,
				2FFCBAC61FAB18C700B28801 /* RTGVisasViewController.swift */,
				2FFCBAC81FAC4F2300B28801 /* IndoesiaVisaRGTViewController.swift */,
				2FFCBACA1FB1A8D100B28801 /* WebviewViewController.swift */,
				2FFCBACB1FB1A8D100B28801 /* WebviewViewController.xib */,
			);
			path = Visa;
			sourceTree = "<group>";
		};
		2FF074F41FA30289006F88E8 /* Immigration */ = {
			isa = PBXGroup;
			children = (
				2FFCBACF1FB97D8B00B28801 /* Immigration.storyboard */,
				2F010ABB1FB98DE7008AAC58 /* ChooseImmigrationTypeViewController.swift */,
			);
			path = Immigration;
			sourceTree = "<group>";
		};
		2FF074F51FA302A3006F88E8 /* Common */ = {
			isa = PBXGroup;
			children = (
				2FFCBAC31FA88D9300B28801 /* APIHandler.h */,
				2FFCBAC21FA88D9300B28801 /* APIHandler.m */,
				2F091E281F8B4B590053E642 /* AppDelegate.swift */,
				2F091E2F1F8B4B590053E642 /* Assets.xcassets */,
				2FF074EF1FA1F886006F88E8 /* RST Simplified-Bridging-Header.h */,
				2FFCBAC51FA8923D00B28801 /* SharedValues.pch */,
				2F091E311F8B4B590053E642 /* LaunchScreen.storyboard */,
			);
			path = Common;
			sourceTree = "<group>";
		};
		2FF074F61FA302DC006F88E8 /* Main */ = {
			isa = PBXGroup;
			children = (
				2FF074FB1FA30470006F88E8 /* Sidebar */,
				2FF074F01FA1F887006F88E8 /* FirstScreenViewController.h */,
				2FF074F11FA1F887006F88E8 /* FirstScreenViewController.m */,
				2F091E2C1F8B4B590053E642 /* Main.storyboard */,
			);
			path = Main;
			sourceTree = "<group>";
		};
		2FF074FB1FA30470006F88E8 /* Sidebar */ = {
			isa = PBXGroup;
			children = (
				2FA0AB8C1FA31B3900F9F040 /* CustomSideMenuViewController.swift */,
				2FA0AB8E1FA31D9F00F9F040 /* SideBarViewController.swift */,
			);
			path = Sidebar;
			sourceTree = "<group>";
		};
		47F4A983F69DF91889E69D03 /* Frameworks */ = {
			isa = PBXGroup;
			children = (
				9AACA22F1EB4A3A5C8CCFB53 /* Pods_RST_Simplified.framework */,
				8DE904AC5F822DDA96FF5E87 /* Pods_RST_SimplifiedTests.framework */,
				307778FDE3AA6E0CF5A0C783 /* Pods_RST_SimplifiedUITests.framework */,
			);
			name = Frameworks;
			sourceTree = "<group>";
		};
/* End PBXGroup section */

/* Begin PBXNativeTarget section */
		2F091E241F8B4B590053E642 /* RST Simplified */ = {
			isa = PBXNativeTarget;
			buildConfigurationList = 2F091E4D1F8B4B590053E642 /* Build configuration list for PBXNativeTarget "RST Simplified" */;
			buildPhases = (
				56EC7390E7FA142FDEABC2C0 /* [CP] Check Pods Manifest.lock */,
				2F091E211F8B4B590053E642 /* Sources */,
				2F091E221F8B4B590053E642 /* Frameworks */,
				2F091E231F8B4B590053E642 /* Resources */,
				8FD94CE7CB7CBBD7FB850656 /* [CP] Embed Pods Frameworks */,
				28337059D414EF75F576399D /* [CP] Copy Pods Resources */,
			);
			buildRules = (
			);
			dependencies = (
			);
			name = "RST Simplified";
			productName = "RST Simplified";
			productReference = 2F091E251F8B4B590053E642 /* RST Simplified.app */;
			productType = "com.apple.product-type.application";
		};
		2F091E381F8B4B590053E642 /* RST SimplifiedTests */ = {
			isa = PBXNativeTarget;
			buildConfigurationList = 2F091E501F8B4B590053E642 /* Build configuration list for PBXNativeTarget "RST SimplifiedTests" */;
			buildPhases = (
				398229E65CCB1B6D04B6B6C7 /* [CP] Check Pods Manifest.lock */,
				2F091E351F8B4B590053E642 /* Sources */,
				2F091E361F8B4B590053E642 /* Frameworks */,
				2F091E371F8B4B590053E642 /* Resources */,
				3205185C54B2337C5A6134C7 /* [CP] Embed Pods Frameworks */,
				6A2ABEA3605F7C82DED9CD8A /* [CP] Copy Pods Resources */,
			);
			buildRules = (
			);
			dependencies = (
				2F091E3B1F8B4B590053E642 /* PBXTargetDependency */,
			);
			name = "RST SimplifiedTests";
			productName = "RST SimplifiedTests";
			productReference = 2F091E391F8B4B590053E642 /* RST SimplifiedTests.xctest */;
			productType = "com.apple.product-type.bundle.unit-test";
		};
		2F091E431F8B4B590053E642 /* RST SimplifiedUITests */ = {
			isa = PBXNativeTarget;
			buildConfigurationList = 2F091E531F8B4B590053E642 /* Build configuration list for PBXNativeTarget "RST SimplifiedUITests" */;
			buildPhases = (
				0474400676C326BA942553D6 /* [CP] Check Pods Manifest.lock */,
				2F091E401F8B4B590053E642 /* Sources */,
				2F091E411F8B4B590053E642 /* Frameworks */,
				2F091E421F8B4B590053E642 /* Resources */,
				46E072273A8598A63B1C8738 /* [CP] Embed Pods Frameworks */,
				22BC79737562ECA9523BF4F7 /* [CP] Copy Pods Resources */,
			);
			buildRules = (
			);
			dependencies = (
				2F091E461F8B4B590053E642 /* PBXTargetDependency */,
			);
			name = "RST SimplifiedUITests";
			productName = "RST SimplifiedUITests";
			productReference = 2F091E441F8B4B590053E642 /* RST SimplifiedUITests.xctest */;
			productType = "com.apple.product-type.bundle.ui-testing";
		};
/* End PBXNativeTarget section */

/* Begin PBXProject section */
		2F091E1D1F8B4B590053E642 /* Project object */ = {
			isa = PBXProject;
			attributes = {
				LastSwiftUpdateCheck = 0900;
				LastUpgradeCheck = 0900;
				ORGANIZATIONNAME = "RSTI E-Services";
				TargetAttributes = {
					2F091E241F8B4B590053E642 = {
						CreatedOnToolsVersion = 9.0;
						LastSwiftMigration = 0900;
						ProvisioningStyle = Automatic;
					};
					2F091E381F8B4B590053E642 = {
						CreatedOnToolsVersion = 9.0;
						ProvisioningStyle = Automatic;
						TestTargetID = 2F091E241F8B4B590053E642;
					};
					2F091E431F8B4B590053E642 = {
						CreatedOnToolsVersion = 9.0;
						ProvisioningStyle = Automatic;
						TestTargetID = 2F091E241F8B4B590053E642;
					};
				};
			};
			buildConfigurationList = 2F091E201F8B4B590053E642 /* Build configuration list for PBXProject "RST Simplified" */;
			compatibilityVersion = "Xcode 8.0";
			developmentRegion = en;
			hasScannedForEncodings = 0;
			knownRegions = (
				en,
				Base,
			);
			mainGroup = 2F091E1C1F8B4B590053E642;
			productRefGroup = 2F091E261F8B4B590053E642 /* Products */;
			projectDirPath = "";
			projectRoot = "";
			targets = (
				2F091E241F8B4B590053E642 /* RST Simplified */,
				2F091E381F8B4B590053E642 /* RST SimplifiedTests */,
				2F091E431F8B4B590053E642 /* RST SimplifiedUITests */,
			);
		};
/* End PBXProject section */

/* Begin PBXResourcesBuildPhase section */
		2F091E231F8B4B590053E642 /* Resources */ = {
			isa = PBXResourcesBuildPhase;
			buildActionMask = 2147483647;
			files = (
				2FFCBACD1FB1A8D200B28801 /* WebviewViewController.xib in Resources */,
				2FFCBAD01FB97D8B00B28801 /* Immigration.storyboard in Resources */,
				2F010ABF1FB9B97B008AAC58 /* Student.storyboard in Resources */,
				2F091E331F8B4B590053E642 /* LaunchScreen.storyboard in Resources */,
				2FF074FA1FA30338006F88E8 /* Visa.storyboard in Resources */,
				2F091E301F8B4B590053E642 /* Assets.xcassets in Resources */,
				2F091E2E1F8B4B590053E642 /* Main.storyboard in Resources */,
			);
			runOnlyForDeploymentPostprocessing = 0;
		};
		2F091E371F8B4B590053E642 /* Resources */ = {
			isa = PBXResourcesBuildPhase;
			buildActionMask = 2147483647;
			files = (
			);
			runOnlyForDeploymentPostprocessing = 0;
		};
		2F091E421F8B4B590053E642 /* Resources */ = {
			isa = PBXResourcesBuildPhase;
			buildActionMask = 2147483647;
			files = (
			);
			runOnlyForDeploymentPostprocessing = 0;
		};
/* End PBXResourcesBuildPhase section */

/* Begin PBXShellScriptBuildPhase section */
		0474400676C326BA942553D6 /* [CP] Check Pods Manifest.lock */ = {
			isa = PBXShellScriptBuildPhase;
			buildActionMask = 2147483647;
			files = (
			);
			inputPaths = (
				"${PODS_PODFILE_DIR_PATH}/Podfile.lock",
				"${PODS_ROOT}/Manifest.lock",
			);
			name = "[CP] Check Pods Manifest.lock";
			outputPaths = (
				"$(DERIVED_FILE_DIR)/Pods-RST SimplifiedUITests-checkManifestLockResult.txt",
			);
			runOnlyForDeploymentPostprocessing = 0;
			shellPath = /bin/sh;
			shellScript = "diff \"${PODS_PODFILE_DIR_PATH}/Podfile.lock\" \"${PODS_ROOT}/Manifest.lock\" > /dev/null\nif [ $? != 0 ] ; then\n    # print error to STDERR\n    echo \"error: The sandbox is not in sync with the Podfile.lock. Run 'pod install' or update your CocoaPods installation.\" >&2\n    exit 1\nfi\n# This output is used by Xcode 'outputs' to avoid re-running this script phase.\necho \"SUCCESS\" > \"${SCRIPT_OUTPUT_FILE_0}\"\n";
			showEnvVarsInLog = 0;
		};
		22BC79737562ECA9523BF4F7 /* [CP] Copy Pods Resources */ = {
			isa = PBXShellScriptBuildPhase;
			buildActionMask = 2147483647;
			files = (
			);
			inputPaths = (
			);
			name = "[CP] Copy Pods Resources";
			outputPaths = (
			);
			runOnlyForDeploymentPostprocessing = 0;
			shellPath = /bin/sh;
			shellScript = "\"${SRCROOT}/Pods/Target Support Files/Pods-RST SimplifiedUITests/Pods-RST SimplifiedUITests-resources.sh\"\n";
			showEnvVarsInLog = 0;
		};
		28337059D414EF75F576399D /* [CP] Copy Pods Resources */ = {
			isa = PBXShellScriptBuildPhase;
			buildActionMask = 2147483647;
			files = (
			);
			inputPaths = (
			);
			name = "[CP] Copy Pods Resources";
			outputPaths = (
			);
			runOnlyForDeploymentPostprocessing = 0;
			shellPath = /bin/sh;
			shellScript = "\"${SRCROOT}/Pods/Target Support Files/Pods-RST Simplified/Pods-RST Simplified-resources.sh\"\n";
			showEnvVarsInLog = 0;
		};
		3205185C54B2337C5A6134C7 /* [CP] Embed Pods Frameworks */ = {
			isa = PBXShellScriptBuildPhase;
			buildActionMask = 2147483647;
			files = (
			);
			inputPaths = (
			);
			name = "[CP] Embed Pods Frameworks";
			outputPaths = (
			);
			runOnlyForDeploymentPostprocessing = 0;
			shellPath = /bin/sh;
			shellScript = "\"${SRCROOT}/Pods/Target Support Files/Pods-RST SimplifiedTests/Pods-RST SimplifiedTests-frameworks.sh\"\n";
			showEnvVarsInLog = 0;
		};
		398229E65CCB1B6D04B6B6C7 /* [CP] Check Pods Manifest.lock */ = {
			isa = PBXShellScriptBuildPhase;
			buildActionMask = 2147483647;
			files = (
			);
			inputPaths = (
				"${PODS_PODFILE_DIR_PATH}/Podfile.lock",
				"${PODS_ROOT}/Manifest.lock",
			);
			name = "[CP] Check Pods Manifest.lock";
			outputPaths = (
				"$(DERIVED_FILE_DIR)/Pods-RST SimplifiedTests-checkManifestLockResult.txt",
			);
			runOnlyForDeploymentPostprocessing = 0;
			shellPath = /bin/sh;
			shellScript = "diff \"${PODS_PODFILE_DIR_PATH}/Podfile.lock\" \"${PODS_ROOT}/Manifest.lock\" > /dev/null\nif [ $? != 0 ] ; then\n    # print error to STDERR\n    echo \"error: The sandbox is not in sync with the Podfile.lock. Run 'pod install' or update your CocoaPods installation.\" >&2\n    exit 1\nfi\n# This output is used by Xcode 'outputs' to avoid re-running this script phase.\necho \"SUCCESS\" > \"${SCRIPT_OUTPUT_FILE_0}\"\n";
			showEnvVarsInLog = 0;
		};
		46E072273A8598A63B1C8738 /* [CP] Embed Pods Frameworks */ = {
			isa = PBXShellScriptBuildPhase;
			buildActionMask = 2147483647;
			files = (
			);
			inputPaths = (
			);
			name = "[CP] Embed Pods Frameworks";
			outputPaths = (
			);
			runOnlyForDeploymentPostprocessing = 0;
			shellPath = /bin/sh;
			shellScript = "\"${SRCROOT}/Pods/Target Support Files/Pods-RST SimplifiedUITests/Pods-RST SimplifiedUITests-frameworks.sh\"\n";
			showEnvVarsInLog = 0;
		};
		56EC7390E7FA142FDEABC2C0 /* [CP] Check Pods Manifest.lock */ = {
			isa = PBXShellScriptBuildPhase;
			buildActionMask = 2147483647;
			files = (
			);
			inputPaths = (
				"${PODS_PODFILE_DIR_PATH}/Podfile.lock",
				"${PODS_ROOT}/Manifest.lock",
			);
			name = "[CP] Check Pods Manifest.lock";
			outputPaths = (
				"$(DERIVED_FILE_DIR)/Pods-RST Simplified-checkManifestLockResult.txt",
			);
			runOnlyForDeploymentPostprocessing = 0;
			shellPath = /bin/sh;
			shellScript = "diff \"${PODS_PODFILE_DIR_PATH}/Podfile.lock\" \"${PODS_ROOT}/Manifest.lock\" > /dev/null\nif [ $? != 0 ] ; then\n    # print error to STDERR\n    echo \"error: The sandbox is not in sync with the Podfile.lock. Run 'pod install' or update your CocoaPods installation.\" >&2\n    exit 1\nfi\n# This output is used by Xcode 'outputs' to avoid re-running this script phase.\necho \"SUCCESS\" > \"${SCRIPT_OUTPUT_FILE_0}\"\n";
			showEnvVarsInLog = 0;
		};
		6A2ABEA3605F7C82DED9CD8A /* [CP] Copy Pods Resources */ = {
			isa = PBXShellScriptBuildPhase;
			buildActionMask = 2147483647;
			files = (
			);
			inputPaths = (
			);
			name = "[CP] Copy Pods Resources";
			outputPaths = (
			);
			runOnlyForDeploymentPostprocessing = 0;
			shellPath = /bin/sh;
			shellScript = "\"${SRCROOT}/Pods/Target Support Files/Pods-RST SimplifiedTests/Pods-RST SimplifiedTests-resources.sh\"\n";
			showEnvVarsInLog = 0;
		};
		8FD94CE7CB7CBBD7FB850656 /* [CP] Embed Pods Frameworks */ = {
			isa = PBXShellScriptBuildPhase;
			buildActionMask = 2147483647;
			files = (
			);
			inputPaths = (
				"${SRCROOT}/Pods/Target Support Files/Pods-RST Simplified/Pods-RST Simplified-frameworks.sh",
				"${BUILT_PRODUCTS_DIR}/AFNetworking/AFNetworking.framework",
				"${BUILT_PRODUCTS_DIR}/Alamofire/Alamofire.framework",
				"${BUILT_PRODUCTS_DIR}/DropDown/DropDown.framework",
				"${BUILT_PRODUCTS_DIR}/MRProgress/MRProgress.framework",
				"${BUILT_PRODUCTS_DIR}/SDWebImage/SDWebImage.framework",
				"${BUILT_PRODUCTS_DIR}/SVProgressHUD/SVProgressHUD.framework",
				"${BUILT_PRODUCTS_DIR}/SideMenuController/SideMenuController.framework",
			);
			name = "[CP] Embed Pods Frameworks";
			outputPaths = (
				"${TARGET_BUILD_DIR}/${FRAMEWORKS_FOLDER_PATH}/AFNetworking.framework",
				"${TARGET_BUILD_DIR}/${FRAMEWORKS_FOLDER_PATH}/Alamofire.framework",
				"${TARGET_BUILD_DIR}/${FRAMEWORKS_FOLDER_PATH}/DropDown.framework",
				"${TARGET_BUILD_DIR}/${FRAMEWORKS_FOLDER_PATH}/MRProgress.framework",
				"${TARGET_BUILD_DIR}/${FRAMEWORKS_FOLDER_PATH}/SDWebImage.framework",
				"${TARGET_BUILD_DIR}/${FRAMEWORKS_FOLDER_PATH}/SVProgressHUD.framework",
				"${TARGET_BUILD_DIR}/${FRAMEWORKS_FOLDER_PATH}/SideMenuController.framework",
			);
			runOnlyForDeploymentPostprocessing = 0;
			shellPath = /bin/sh;
			shellScript = "\"${SRCROOT}/Pods/Target Support Files/Pods-RST Simplified/Pods-RST Simplified-frameworks.sh\"\n";
			showEnvVarsInLog = 0;
		};
/* End PBXShellScriptBuildPhase section */

/* Begin PBXSourcesBuildPhase section */
		2F091E211F8B4B590053E642 /* Sources */ = {
			isa = PBXSourcesBuildPhase;
			buildActionMask = 2147483647;
			files = (
				2FF074F21FA1F887006F88E8 /* FirstScreenViewController.m in Sources */,
				2FFCBAC71FAB18C700B28801 /* RTGVisasViewController.swift in Sources */,
				2FA0AB8D1FA31B3900F9F040 /* CustomSideMenuViewController.swift in Sources */,
				2FA0AB8F1FA31D9F00F9F040 /* SideBarViewController.swift in Sources */,
				2F091E291F8B4B590053E642 /* AppDelegate.swift in Sources */,
				2F010ABC1FB98DE7008AAC58 /* ChooseImmigrationTypeViewController.swift in Sources */,
				2FFCBAC11FA8500200B28801 /* Visa1WebViewController.swift in Sources */,
				2FFCBACC1FB1A8D200B28801 /* WebviewViewController.swift in Sources */,
				2FF074F81FA30322006F88E8 /* ChooseVisaTypeViewController.swift in Sources */,
				2FFCBAC41FA88D9300B28801 /* APIHandler.m in Sources */,
				2FFCBAC91FAC4F2300B28801 /* IndoesiaVisaRGTViewController.swift in Sources */,
			);
			runOnlyForDeploymentPostprocessing = 0;
		};
		2F091E351F8B4B590053E642 /* Sources */ = {
			isa = PBXSourcesBuildPhase;
			buildActionMask = 2147483647;
			files = (
				2F091E3E1F8B4B590053E642 /* RST_SimplifiedTests.swift in Sources */,
			);
			runOnlyForDeploymentPostprocessing = 0;
		};
		2F091E401F8B4B590053E642 /* Sources */ = {
			isa = PBXSourcesBuildPhase;
			buildActionMask = 2147483647;
			files = (
				2F091E491F8B4B590053E642 /* RST_SimplifiedUITests.swift in Sources */,
			);
			runOnlyForDeploymentPostprocessing = 0;
		};
/* End PBXSourcesBuildPhase section */

/* Begin PBXTargetDependency section */
		2F091E3B1F8B4B590053E642 /* PBXTargetDependency */ = {
			isa = PBXTargetDependency;
			target = 2F091E241F8B4B590053E642 /* RST Simplified */;
			targetProxy = 2F091E3A1F8B4B590053E642 /* PBXContainerItemProxy */;
		};
		2F091E461F8B4B590053E642 /* PBXTargetDependency */ = {
			isa = PBXTargetDependency;
			target = 2F091E241F8B4B590053E642 /* RST Simplified */;
			targetProxy = 2F091E451F8B4B590053E642 /* PBXContainerItemProxy */;
		};
/* End PBXTargetDependency section */

/* Begin PBXVariantGroup section */
		2F091E2C1F8B4B590053E642 /* Main.storyboard */ = {
			isa = PBXVariantGroup;
			children = (
				2F091E2D1F8B4B590053E642 /* Base */,
			);
			name = Main.storyboard;
			sourceTree = "<group>";
		};
		2F091E311F8B4B590053E642 /* LaunchScreen.storyboard */ = {
			isa = PBXVariantGroup;
			children = (
				2F091E321F8B4B590053E642 /* Base */,
			);
			name = LaunchScreen.storyboard;
			sourceTree = "<group>";
		};
/* End PBXVariantGroup section */

/* Begin XCBuildConfiguration section */
		2F091E4B1F8B4B590053E642 /* Debug */ = {
			isa = XCBuildConfiguration;
			buildSettings = {
				ALWAYS_SEARCH_USER_PATHS = NO;
				CLANG_ANALYZER_NONNULL = YES;
				CLANG_ANALYZER_NUMBER_OBJECT_CONVERSION = YES_AGGRESSIVE;
				CLANG_CXX_LANGUAGE_STANDARD = "gnu++14";
				CLANG_CXX_LIBRARY = "libc++";
				CLANG_ENABLE_MODULES = YES;
				CLANG_ENABLE_OBJC_ARC = YES;
				CLANG_WARN_BLOCK_CAPTURE_AUTORELEASING = YES;
				CLANG_WARN_BOOL_CONVERSION = YES;
				CLANG_WARN_COMMA = YES;
				CLANG_WARN_CONSTANT_CONVERSION = YES;
				CLANG_WARN_DIRECT_OBJC_ISA_USAGE = YES_ERROR;
				CLANG_WARN_DOCUMENTATION_COMMENTS = YES;
				CLANG_WARN_EMPTY_BODY = YES;
				CLANG_WARN_ENUM_CONVERSION = YES;
				CLANG_WARN_INFINITE_RECURSION = YES;
				CLANG_WARN_INT_CONVERSION = YES;
				CLANG_WARN_NON_LITERAL_NULL_CONVERSION = YES;
				CLANG_WARN_OBJC_LITERAL_CONVERSION = YES;
				CLANG_WARN_OBJC_ROOT_CLASS = YES_ERROR;
				CLANG_WARN_RANGE_LOOP_ANALYSIS = YES;
				CLANG_WARN_STRICT_PROTOTYPES = YES;
				CLANG_WARN_SUSPICIOUS_MOVE = YES;
				CLANG_WARN_UNGUARDED_AVAILABILITY = YES_AGGRESSIVE;
				CLANG_WARN_UNREACHABLE_CODE = YES;
				CLANG_WARN__DUPLICATE_METHOD_MATCH = YES;
				CODE_SIGN_IDENTITY = "iPhone Developer";
				COPY_PHASE_STRIP = NO;
				DEBUG_INFORMATION_FORMAT = dwarf;
				ENABLE_STRICT_OBJC_MSGSEND = YES;
				ENABLE_TESTABILITY = YES;
				GCC_C_LANGUAGE_STANDARD = gnu11;
				GCC_DYNAMIC_NO_PIC = NO;
				GCC_NO_COMMON_BLOCKS = YES;
				GCC_OPTIMIZATION_LEVEL = 0;
				GCC_PREPROCESSOR_DEFINITIONS = (
					"DEBUG=1",
					"$(inherited)",
				);
				GCC_WARN_64_TO_32_BIT_CONVERSION = YES;
				GCC_WARN_ABOUT_RETURN_TYPE = YES_ERROR;
				GCC_WARN_UNDECLARED_SELECTOR = YES;
				GCC_WARN_UNINITIALIZED_AUTOS = YES_AGGRESSIVE;
				GCC_WARN_UNUSED_FUNCTION = YES;
				GCC_WARN_UNUSED_VARIABLE = YES;
				IPHONEOS_DEPLOYMENT_TARGET = 11.0;
				MTL_ENABLE_DEBUG_INFO = YES;
				ONLY_ACTIVE_ARCH = YES;
				SDKROOT = iphoneos;
				SWIFT_ACTIVE_COMPILATION_CONDITIONS = DEBUG;
				SWIFT_OPTIMIZATION_LEVEL = "-Onone";
			};
			name = Debug;
		};
		2F091E4C1F8B4B590053E642 /* Release */ = {
			isa = XCBuildConfiguration;
			buildSettings = {
				ALWAYS_SEARCH_USER_PATHS = NO;
				CLANG_ANALYZER_NONNULL = YES;
				CLANG_ANALYZER_NUMBER_OBJECT_CONVERSION = YES_AGGRESSIVE;
				CLANG_CXX_LANGUAGE_STANDARD = "gnu++14";
				CLANG_CXX_LIBRARY = "libc++";
				CLANG_ENABLE_MODULES = YES;
				CLANG_ENABLE_OBJC_ARC = YES;
				CLANG_WARN_BLOCK_CAPTURE_AUTORELEASING = YES;
				CLANG_WARN_BOOL_CONVERSION = YES;
				CLANG_WARN_COMMA = YES;
				CLANG_WARN_CONSTANT_CONVERSION = YES;
				CLANG_WARN_DIRECT_OBJC_ISA_USAGE = YES_ERROR;
				CLANG_WARN_DOCUMENTATION_COMMENTS = YES;
				CLANG_WARN_EMPTY_BODY = YES;
				CLANG_WARN_ENUM_CONVERSION = YES;
				CLANG_WARN_INFINITE_RECURSION = YES;
				CLANG_WARN_INT_CONVERSION = YES;
				CLANG_WARN_NON_LITERAL_NULL_CONVERSION = YES;
				CLANG_WARN_OBJC_LITERAL_CONVERSION = YES;
				CLANG_WARN_OBJC_ROOT_CLASS = YES_ERROR;
				CLANG_WARN_RANGE_LOOP_ANALYSIS = YES;
				CLANG_WARN_STRICT_PROTOTYPES = YES;
				CLANG_WARN_SUSPICIOUS_MOVE = YES;
				CLANG_WARN_UNGUARDED_AVAILABILITY = YES_AGGRESSIVE;
				CLANG_WARN_UNREACHABLE_CODE = YES;
				CLANG_WARN__DUPLICATE_METHOD_MATCH = YES;
				CODE_SIGN_IDENTITY = "iPhone Developer";
				COPY_PHASE_STRIP = NO;
				DEBUG_INFORMATION_FORMAT = "dwarf-with-dsym";
				ENABLE_NS_ASSERTIONS = NO;
				ENABLE_STRICT_OBJC_MSGSEND = YES;
				GCC_C_LANGUAGE_STANDARD = gnu11;
				GCC_NO_COMMON_BLOCKS = YES;
				GCC_WARN_64_TO_32_BIT_CONVERSION = YES;
				GCC_WARN_ABOUT_RETURN_TYPE = YES_ERROR;
				GCC_WARN_UNDECLARED_SELECTOR = YES;
				GCC_WARN_UNINITIALIZED_AUTOS = YES_AGGRESSIVE;
				GCC_WARN_UNUSED_FUNCTION = YES;
				GCC_WARN_UNUSED_VARIABLE = YES;
				IPHONEOS_DEPLOYMENT_TARGET = 11.0;
				MTL_ENABLE_DEBUG_INFO = NO;
				SDKROOT = iphoneos;
				SWIFT_OPTIMIZATION_LEVEL = "-Owholemodule";
				VALIDATE_PRODUCT = YES;
			};
			name = Release;
		};
		2F091E4E1F8B4B590053E642 /* Debug */ = {
			isa = XCBuildConfiguration;
			baseConfigurationReference = 629A5A67920861B691128CAB /* Pods-RST Simplified.debug.xcconfig */;
			buildSettings = {
				ASSETCATALOG_COMPILER_APPICON_NAME = AppIcon;
				CLANG_ENABLE_MODULES = YES;
				CODE_SIGN_STYLE = Automatic;
				DEVELOPMENT_TEAM = XVB5V247FL;
				GCC_PREFIX_HEADER = "/Users/rstintl/Desktop/Xcode/RST Simplified/RST Simplified/Common/SharedValues.pch";
				INFOPLIST_FILE = "/Users/rstintl/Desktop/Xcode/RST Simplified/Info.plist";
				IPHONEOS_DEPLOYMENT_TARGET = 9.0;
				LD_RUNPATH_SEARCH_PATHS = "$(inherited) @executable_path/Frameworks";
				PRODUCT_BUNDLE_IDENTIFIER = "international.rst.com.rstsimplified.RST-Simplified";
				PRODUCT_NAME = "$(TARGET_NAME)";
				SWIFT_OBJC_BRIDGING_HEADER = "/Users/rstintl/Desktop/Xcode/RST Simplified/RST Simplified/Common/RST Simplified-Bridging-Header.h";
				SWIFT_OPTIMIZATION_LEVEL = "-Onone";
				SWIFT_VERSION = 3.0;
				TARGETED_DEVICE_FAMILY = 1;
			};
			name = Debug;
		};
		2F091E4F1F8B4B590053E642 /* Release */ = {
			isa = XCBuildConfiguration;
			baseConfigurationReference = 38FE6853BF0F0ED71FF35616 /* Pods-RST Simplified.release.xcconfig */;
			buildSettings = {
				ASSETCATALOG_COMPILER_APPICON_NAME = AppIcon;
				CLANG_ENABLE_MODULES = YES;
				CODE_SIGN_STYLE = Automatic;
				DEVELOPMENT_TEAM = XVB5V247FL;
				GCC_PREFIX_HEADER = "/Users/rstintl/Desktop/Xcode/RST Simplified/RST Simplified/Common/SharedValues.pch";
				INFOPLIST_FILE = "/Users/rstintl/Desktop/Xcode/RST Simplified/Info.plist";
				IPHONEOS_DEPLOYMENT_TARGET = 9.0;
				LD_RUNPATH_SEARCH_PATHS = "$(inherited) @executable_path/Frameworks";
				PRODUCT_BUNDLE_IDENTIFIER = "international.rst.com.rstsimplified.RST-Simplified";
				PRODUCT_NAME = "$(TARGET_NAME)";
				SWIFT_OBJC_BRIDGING_HEADER = "/Users/rstintl/Desktop/Xcode/RST Simplified/RST Simplified/Common/RST Simplified-Bridging-Header.h";
				SWIFT_VERSION = 3.0;
				TARGETED_DEVICE_FAMILY = 1;
			};
			name = Release;
		};
		2F091E511F8B4B590053E642 /* Debug */ = {
			isa = XCBuildConfiguration;
			baseConfigurationReference = 9A1B87A8A9FBBC63C8B2AF3E /* Pods-RST SimplifiedTests.debug.xcconfig */;
			buildSettings = {
				ALWAYS_EMBED_SWIFT_STANDARD_LIBRARIES = YES;
				BUNDLE_LOADER = "$(TEST_HOST)";
				CODE_SIGN_STYLE = Automatic;
				DEVELOPMENT_TEAM = XVB5V247FL;
				INFOPLIST_FILE = "RST SimplifiedTests/Info.plist";
				LD_RUNPATH_SEARCH_PATHS = "$(inherited) @executable_path/Frameworks @loader_path/Frameworks";
				PRODUCT_BUNDLE_IDENTIFIER = "international.rst.com.rstsimplified.RST-SimplifiedTests";
				PRODUCT_NAME = "$(TARGET_NAME)";
				SWIFT_VERSION = 4.0;
				TARGETED_DEVICE_FAMILY = "1,2";
				TEST_HOST = "$(BUILT_PRODUCTS_DIR)/RST Simplified.app/RST Simplified";
			};
			name = Debug;
		};
		2F091E521F8B4B590053E642 /* Release */ = {
			isa = XCBuildConfiguration;
			baseConfigurationReference = F0850368C260B9D838C03B14 /* Pods-RST SimplifiedTests.release.xcconfig */;
			buildSettings = {
				ALWAYS_EMBED_SWIFT_STANDARD_LIBRARIES = YES;
				BUNDLE_LOADER = "$(TEST_HOST)";
				CODE_SIGN_STYLE = Automatic;
				DEVELOPMENT_TEAM = XVB5V247FL;
				INFOPLIST_FILE = "RST SimplifiedTests/Info.plist";
				LD_RUNPATH_SEARCH_PATHS = "$(inherited) @executable_path/Frameworks @loader_path/Frameworks";
				PRODUCT_BUNDLE_IDENTIFIER = "international.rst.com.rstsimplified.RST-SimplifiedTests";
				PRODUCT_NAME = "$(TARGET_NAME)";
				SWIFT_VERSION = 4.0;
				TARGETED_DEVICE_FAMILY = "1,2";
				TEST_HOST = "$(BUILT_PRODUCTS_DIR)/RST Simplified.app/RST Simplified";
			};
			name = Release;
		};
		2F091E541F8B4B590053E642 /* Debug */ = {
			isa = XCBuildConfiguration;
			baseConfigurationReference = 11CD20CF87586656CD3B1110 /* Pods-RST SimplifiedUITests.debug.xcconfig */;
			buildSettings = {
				ALWAYS_EMBED_SWIFT_STANDARD_LIBRARIES = YES;
				CODE_SIGN_STYLE = Automatic;
				DEVELOPMENT_TEAM = XVB5V247FL;
				INFOPLIST_FILE = "RST SimplifiedUITests/Info.plist";
				LD_RUNPATH_SEARCH_PATHS = "$(inherited) @executable_path/Frameworks @loader_path/Frameworks";
				PRODUCT_BUNDLE_IDENTIFIER = "international.rst.com.rstsimplified.RST-SimplifiedUITests";
				PRODUCT_NAME = "$(TARGET_NAME)";
				SWIFT_VERSION = 4.0;
				TARGETED_DEVICE_FAMILY = "1,2";
				TEST_TARGET_NAME = "RST Simplified";
			};
			name = Debug;
		};
		2F091E551F8B4B590053E642 /* Release */ = {
			isa = XCBuildConfiguration;
			baseConfigurationReference = 30038440918166AE6BE8EDEF /* Pods-RST SimplifiedUITests.release.xcconfig */;
			buildSettings = {
				ALWAYS_EMBED_SWIFT_STANDARD_LIBRARIES = YES;
				CODE_SIGN_STYLE = Automatic;
				DEVELOPMENT_TEAM = XVB5V247FL;
				INFOPLIST_FILE = "RST SimplifiedUITests/Info.plist";
				LD_RUNPATH_SEARCH_PATHS = "$(inherited) @executable_path/Frameworks @loader_path/Frameworks";
				PRODUCT_BUNDLE_IDENTIFIER = "international.rst.com.rstsimplified.RST-SimplifiedUITests";
				PRODUCT_NAME = "$(TARGET_NAME)";
				SWIFT_VERSION = 4.0;
				TARGETED_DEVICE_FAMILY = "1,2";
				TEST_TARGET_NAME = "RST Simplified";
			};
			name = Release;
		};
/* End XCBuildConfiguration section */

/* Begin XCConfigurationList section */
		2F091E201F8B4B590053E642 /* Build configuration list for PBXProject "RST Simplified" */ = {
			isa = XCConfigurationList;
			buildConfigurations = (
				2F091E4B1F8B4B590053E642 /* Debug */,
				2F091E4C1F8B4B590053E642 /* Release */,
			);
			defaultConfigurationIsVisible = 0;
			defaultConfigurationName = Release;
		};
		2F091E4D1F8B4B590053E642 /* Build configuration list for PBXNativeTarget "RST Simplified" */ = {
			isa = XCConfigurationList;
			buildConfigurations = (
				2F091E4E1F8B4B590053E642 /* Debug */,
				2F091E4F1F8B4B590053E642 /* Release */,
			);
			defaultConfigurationIsVisible = 0;
			defaultConfigurationName = Release;
		};
		2F091E501F8B4B590053E642 /* Build configuration list for PBXNativeTarget "RST SimplifiedTests" */ = {
			isa = XCConfigurationList;
			buildConfigurations = (
				2F091E511F8B4B590053E642 /* Debug */,
				2F091E521F8B4B590053E642 /* Release */,
			);
			defaultConfigurationIsVisible = 0;
			defaultConfigurationName = Release;
		};
		2F091E531F8B4B590053E642 /* Build configuration list for PBXNativeTarget "RST SimplifiedUITests" */ = {
			isa = XCConfigurationList;
			buildConfigurations = (
				2F091E541F8B4B590053E642 /* Debug */,
				2F091E551F8B4B590053E642 /* Release */,
			);
			defaultConfigurationIsVisible = 0;
			defaultConfigurationName = Release;
		};
/* End XCConfigurationList section */
	};
	rootObject = 2F091E1D1F8B4B590053E642 /* Project object */;
}
